uuid: 4d31d326-d102-4eaf-bfa3-79859deb4d58
langcode: en
status: true
dependencies:
  module:
    - veldeke_tools
  theme:
    - wilderness
id: contactblock
theme: wilderness
region: footer
weight: -4
provider: null
plugin: contact_block
settings:
  id: contact_block
  label: Contact
  provider: veldeke_tools
  label_display: '0'
  contact_markup_string: 'Dialekvereiniging Veldeke Venlo -&nbsp;Aquamarijn 16, 5912 SV Venlo - Telefoon 077- 3544669 -<a href="/contact"> Contact</a>'
  cache:
    max_age: 3600
    contexts:
      - cache_context.user.roles
      - cache_context.user.roles
      - cache_context.user.roles
      - cache_context.user.roles
visibility: {  }
